// !$*UTF8*$!
{
	archiveVersion = 1;
	classes = {
	};
	objectVersion = 48;
	objects = {

/* Begin PBXBuildFile section */
		332970ED206E863C00D602B2 /* TeleportUITests.swift in Sources */ = {isa = PBXBuildFile; fileRef = 332970EC206E863C00D602B2 /* TeleportUITests.swift */; };
		332970FB206E88BB00D602B2 /* TeleportTests.swift in Sources */ = {isa = PBXBuildFile; fileRef = 332970FA206E88BB00D602B2 /* TeleportTests.swift */; };
		3372A951206A77EB00E3332B /* AppDelegate.swift in Sources */ = {isa = PBXBuildFile; fileRef = 3372A950206A77EB00E3332B /* AppDelegate.swift */; };
		3372A953206A77EB00E3332B /* ViewController.swift in Sources */ = {isa = PBXBuildFile; fileRef = 3372A952206A77EB00E3332B /* ViewController.swift */; };
		3372A956206A77EB00E3332B /* Main.storyboard in Resources */ = {isa = PBXBuildFile; fileRef = 3372A954206A77EB00E3332B /* Main.storyboard */; };
		3372A958206A77EB00E3332B /* Assets.xcassets in Resources */ = {isa = PBXBuildFile; fileRef = 3372A957206A77EB00E3332B /* Assets.xcassets */; };
		3372A95B206A77EB00E3332B /* LaunchScreen.storyboard in Resources */ = {isa = PBXBuildFile; fileRef = 3372A959206A77EB00E3332B /* LaunchScreen.storyboard */; };
		3372A963206B939500E3332B /* Stop.swift in Sources */ = {isa = PBXBuildFile; fileRef = 3372A962206B939500E3332B /* Stop.swift */; };
		3372A965206B93FD00E3332B /* TransportType.swift in Sources */ = {isa = PBXBuildFile; fileRef = 3372A964206B93FD00E3332B /* TransportType.swift */; };
		3372A967206B944500E3332B /* Line.swift in Sources */ = {isa = PBXBuildFile; fileRef = 3372A966206B944500E3332B /* Line.swift */; };
		3372A969206B946E00E3332B /* TransportNetwork.swift in Sources */ = {isa = PBXBuildFile; fileRef = 3372A968206B946E00E3332B /* TransportNetwork.swift */; };
		33A0F00A206D0F2200C76DF9 /* LinesTableViewController.swift in Sources */ = {isa = PBXBuildFile; fileRef = 33A0F009206D0F2200C76DF9 /* LinesTableViewController.swift */; };
		33A0F00C206D328400C76DF9 /* StopsViewController.swift in Sources */ = {isa = PBXBuildFile; fileRef = 33A0F00B206D328400C76DF9 /* StopsViewController.swift */; };
/* End PBXBuildFile section */

/* Begin PBXContainerItemProxy section */
		332970EF206E863C00D602B2 /* PBXContainerItemProxy */ = {
			isa = PBXContainerItemProxy;
			containerPortal = 3372A945206A77EB00E3332B /* Project object */;
			proxyType = 1;
			remoteGlobalIDString = 3372A94C206A77EB00E3332B;
			remoteInfo = Teleport;
		};
		332970FD206E88BB00D602B2 /* PBXContainerItemProxy */ = {
			isa = PBXContainerItemProxy;
			containerPortal = 3372A945206A77EB00E3332B /* Project object */;
			proxyType = 1;
			remoteGlobalIDString = 3372A94C206A77EB00E3332B;
			remoteInfo = Teleport;
		};
/* End PBXContainerItemProxy section */

/* Begin PBXFileReference section */
		332970EA206E863C00D602B2 /* TeleportUITests.xctest */ = {isa = PBXFileReference; explicitFileType = wrapper.cfbundle; includeInIndex = 0; path = TeleportUITests.xctest; sourceTree = BUILT_PRODUCTS_DIR; };
		332970EC206E863C00D602B2 /* TeleportUITests.swift */ = {isa = PBXFileReference; lastKnownFileType = sourcecode.swift; path = TeleportUITests.swift; sourceTree = "<group>"; };
		332970EE206E863C00D602B2 /* Info.plist */ = {isa = PBXFileReference; lastKnownFileType = text.plist.xml; path = Info.plist; sourceTree = "<group>"; };
		332970F8206E88BA00D602B2 /* TeleportTests.xctest */ = {isa = PBXFileReference; explicitFileType = wrapper.cfbundle; includeInIndex = 0; path = TeleportTests.xctest; sourceTree = BUILT_PRODUCTS_DIR; };
		332970FA206E88BB00D602B2 /* TeleportTests.swift */ = {isa = PBXFileReference; lastKnownFileType = sourcecode.swift; path = TeleportTests.swift; sourceTree = "<group>"; };
		332970FC206E88BB00D602B2 /* Info.plist */ = {isa = PBXFileReference; lastKnownFileType = text.plist.xml; path = Info.plist; sourceTree = "<group>"; };
		3372A94D206A77EB00E3332B /* Teleport.app */ = {isa = PBXFileReference; explicitFileType = wrapper.application; includeInIndex = 0; path = Teleport.app; sourceTree = BUILT_PRODUCTS_DIR; };
		3372A950206A77EB00E3332B /* AppDelegate.swift */ = {isa = PBXFileReference; lastKnownFileType = sourcecode.swift; path = AppDelegate.swift; sourceTree = "<group>"; };
		3372A952206A77EB00E3332B /* ViewController.swift */ = {isa = PBXFileReference; lastKnownFileType = sourcecode.swift; path = ViewController.swift; sourceTree = "<group>"; };
		3372A955206A77EB00E3332B /* Base */ = {isa = PBXFileReference; lastKnownFileType = file.storyboard; name = Base; path = Base.lproj/Main.storyboard; sourceTree = "<group>"; };
		3372A957206A77EB00E3332B /* Assets.xcassets */ = {isa = PBXFileReference; lastKnownFileType = folder.assetcatalog; path = Assets.xcassets; sourceTree = "<group>"; };
		3372A95A206A77EB00E3332B /* Base */ = {isa = PBXFileReference; lastKnownFileType = file.storyboard; name = Base; path = Base.lproj/LaunchScreen.storyboard; sourceTree = "<group>"; };
		3372A95C206A77EB00E3332B /* Info.plist */ = {isa = PBXFileReference; lastKnownFileType = text.plist.xml; path = Info.plist; sourceTree = "<group>"; };
		3372A962206B939500E3332B /* Stop.swift */ = {isa = PBXFileReference; lastKnownFileType = sourcecode.swift; path = Stop.swift; sourceTree = "<group>"; };
		3372A964206B93FD00E3332B /* TransportType.swift */ = {isa = PBXFileReference; lastKnownFileType = sourcecode.swift; path = TransportType.swift; sourceTree = "<group>"; };
		3372A966206B944500E3332B /* Line.swift */ = {isa = PBXFileReference; lastKnownFileType = sourcecode.swift; path = Line.swift; sourceTree = "<group>"; };
		3372A968206B946E00E3332B /* TransportNetwork.swift */ = {isa = PBXFileReference; lastKnownFileType = sourcecode.swift; path = TransportNetwork.swift; sourceTree = "<group>"; };
		33A0F009206D0F2200C76DF9 /* LinesTableViewController.swift */ = {isa = PBXFileReference; lastKnownFileType = sourcecode.swift; path = LinesTableViewController.swift; sourceTree = "<group>"; };
		33A0F00B206D328400C76DF9 /* StopsViewController.swift */ = {isa = PBXFileReference; lastKnownFileType = sourcecode.swift; path = StopsViewController.swift; sourceTree = "<group>"; };
/* End PBXFileReference section */

/* Begin PBXFrameworksBuildPhase section */
		332970E7206E863C00D602B2 /* Frameworks */ = {
			isa = PBXFrameworksBuildPhase;
			buildActionMask = 2147483647;
			files = (
			);
			runOnlyForDeploymentPostprocessing = 0;
		};
		332970F5206E88BA00D602B2 /* Frameworks */ = {
			isa = PBXFrameworksBuildPhase;
			buildActionMask = 2147483647;
			files = (
			);
			runOnlyForDeploymentPostprocessing = 0;
		};
		3372A94A206A77EB00E3332B /* Frameworks */ = {
			isa = PBXFrameworksBuildPhase;
			buildActionMask = 2147483647;
			files = (
			);
			runOnlyForDeploymentPostprocessing = 0;
		};
/* End PBXFrameworksBuildPhase section */

/* Begin PBXGroup section */
		332970EB206E863C00D602B2 /* TeleportUITests */ = {
			isa = PBXGroup;
			children = (
				332970EC206E863C00D602B2 /* TeleportUITests.swift */,
				332970EE206E863C00D602B2 /* Info.plist */,
			);
			path = TeleportUITests;
			sourceTree = "<group>";
		};
		332970F9206E88BB00D602B2 /* TeleportTests */ = {
			isa = PBXGroup;
			children = (
				332970FA206E88BB00D602B2 /* TeleportTests.swift */,
				332970FC206E88BB00D602B2 /* Info.plist */,
			);
			path = TeleportTests;
			sourceTree = "<group>";
		};
		3372A944206A77EB00E3332B = {
			isa = PBXGroup;
			children = (
				3372A94F206A77EB00E3332B /* Teleport */,
				332970EB206E863C00D602B2 /* TeleportUITests */,
				332970F9206E88BB00D602B2 /* TeleportTests */,
				3372A94E206A77EB00E3332B /* Products */,
			);
			sourceTree = "<group>";
		};
		3372A94E206A77EB00E3332B /* Products */ = {
			isa = PBXGroup;
			children = (
				3372A94D206A77EB00E3332B /* Teleport.app */,
				332970EA206E863C00D602B2 /* TeleportUITests.xctest */,
				332970F8206E88BA00D602B2 /* TeleportTests.xctest */,
			);
			name = Products;
			sourceTree = "<group>";
		};
		3372A94F206A77EB00E3332B /* Teleport */ = {
			isa = PBXGroup;
			children = (
				33A0F008206D0E6100C76DF9 /* ViewControllers */,
				3372A950206A77EB00E3332B /* AppDelegate.swift */,
				3372A952206A77EB00E3332B /* ViewController.swift */,
				3372A954206A77EB00E3332B /* Main.storyboard */,
				3372A957206A77EB00E3332B /* Assets.xcassets */,
				3372A959206A77EB00E3332B /* LaunchScreen.storyboard */,
				3372A95C206A77EB00E3332B /* Info.plist */,
				3372A96A206B94F100E3332B /* Models */,
			);
			path = Teleport;
			sourceTree = "<group>";
		};
		3372A96A206B94F100E3332B /* Models */ = {
			isa = PBXGroup;
			children = (
				3372A962206B939500E3332B /* Stop.swift */,
				3372A964206B93FD00E3332B /* TransportType.swift */,
				3372A966206B944500E3332B /* Line.swift */,
				3372A968206B946E00E3332B /* TransportNetwork.swift */,
			);
			path = Models;
			sourceTree = "<group>";
		};
		33A0F008206D0E6100C76DF9 /* ViewControllers */ = {
			isa = PBXGroup;
			children = (
				33A0F009206D0F2200C76DF9 /* LinesTableViewController.swift */,
				33A0F00B206D328400C76DF9 /* StopsViewController.swift */,
			);
			path = ViewControllers;
			sourceTree = "<group>";
		};
/* End PBXGroup section */

/* Begin PBXNativeTarget section */
		332970E9206E863C00D602B2 /* TeleportUITests */ = {
			isa = PBXNativeTarget;
			buildConfigurationList = 332970F3206E863C00D602B2 /* Build configuration list for PBXNativeTarget "TeleportUITests" */;
			buildPhases = (
				332970E6206E863C00D602B2 /* Sources */,
				332970E7206E863C00D602B2 /* Frameworks */,
				332970E8206E863C00D602B2 /* Resources */,
			);
			buildRules = (
			);
			dependencies = (
				332970F0206E863C00D602B2 /* PBXTargetDependency */,
			);
			name = TeleportUITests;
			productName = TeleportUITests;
			productReference = 332970EA206E863C00D602B2 /* TeleportUITests.xctest */;
			productType = "com.apple.product-type.bundle.ui-testing";
		};
		332970F7206E88BA00D602B2 /* TeleportTests */ = {
			isa = PBXNativeTarget;
			buildConfigurationList = 332970FF206E88BB00D602B2 /* Build configuration list for PBXNativeTarget "TeleportTests" */;
			buildPhases = (
				332970F4206E88BA00D602B2 /* Sources */,
				332970F5206E88BA00D602B2 /* Frameworks */,
				332970F6206E88BA00D602B2 /* Resources */,
			);
			buildRules = (
			);
			dependencies = (
				332970FE206E88BB00D602B2 /* PBXTargetDependency */,
			);
			name = TeleportTests;
			productName = TeleportTests;
			productReference = 332970F8206E88BA00D602B2 /* TeleportTests.xctest */;
			productType = "com.apple.product-type.bundle.unit-test";
		};
		3372A94C206A77EB00E3332B /* Teleport */ = {
			isa = PBXNativeTarget;
			buildConfigurationList = 3372A95F206A77EB00E3332B /* Build configuration list for PBXNativeTarget "Teleport" */;
			buildPhases = (
				3372A949206A77EB00E3332B /* Sources */,
				3372A94A206A77EB00E3332B /* Frameworks */,
				3372A94B206A77EB00E3332B /* Resources */,
			);
			buildRules = (
			);
			dependencies = (
			);
			name = Teleport;
			productName = Teleport;
			productReference = 3372A94D206A77EB00E3332B /* Teleport.app */;
			productType = "com.apple.product-type.application";
		};
/* End PBXNativeTarget section */

/* Begin PBXProject section */
		3372A945206A77EB00E3332B /* Project object */ = {
			isa = PBXProject;
			attributes = {
				LastSwiftUpdateCheck = 0930;
				LastUpgradeCheck = 0920;
				ORGANIZATIONNAME = TecTec;
				TargetAttributes = {
					332970E9206E863C00D602B2 = {
						CreatedOnToolsVersion = 9.3;
						ProvisioningStyle = Automatic;
						TestTargetID = 3372A94C206A77EB00E3332B;
					};
					332970F7206E88BA00D602B2 = {
						CreatedOnToolsVersion = 9.3;
						ProvisioningStyle = Automatic;
						TestTargetID = 3372A94C206A77EB00E3332B;
					};
					3372A94C206A77EB00E3332B = {
						CreatedOnToolsVersion = 9.2;
						ProvisioningStyle = Automatic;
					};
				};
			};
			buildConfigurationList = 3372A948206A77EB00E3332B /* Build configuration list for PBXProject "Teleport" */;
			compatibilityVersion = "Xcode 8.0";
			developmentRegion = en;
			hasScannedForEncodings = 0;
			knownRegions = (
				en,
				Base,
			);
			mainGroup = 3372A944206A77EB00E3332B;
			productRefGroup = 3372A94E206A77EB00E3332B /* Products */;
			projectDirPath = "";
			projectRoot = "";
			targets = (
				3372A94C206A77EB00E3332B /* Teleport */,
				332970E9206E863C00D602B2 /* TeleportUITests */,
				332970F7206E88BA00D602B2 /* TeleportTests */,
			);
		};
/* End PBXProject section */

/* Begin PBXResourcesBuildPhase section */
		332970E8206E863C00D602B2 /* Resources */ = {
			isa = PBXResourcesBuildPhase;
			buildActionMask = 2147483647;
			files = (
			);
			runOnlyForDeploymentPostprocessing = 0;
		};
		332970F6206E88BA00D602B2 /* Resources */ = {
			isa = PBXResourcesBuildPhase;
			buildActionMask = 2147483647;
			files = (
			);
			runOnlyForDeploymentPostprocessing = 0;
		};
		3372A94B206A77EB00E3332B /* Resources */ = {
			isa = PBXResourcesBuildPhase;
			buildActionMask = 2147483647;
			files = (
				3372A95B206A77EB00E3332B /* LaunchScreen.storyboard in Resources */,
				3372A958206A77EB00E3332B /* Assets.xcassets in Resources */,
				3372A956206A77EB00E3332B /* Main.storyboard in Resources */,
			);
			runOnlyForDeploymentPostprocessing = 0;
		};
/* End PBXResourcesBuildPhase section */

/* Begin PBXSourcesBuildPhase section */
		332970E6206E863C00D602B2 /* Sources */ = {
			isa = PBXSourcesBuildPhase;
			buildActionMask = 2147483647;
			files = (
				332970ED206E863C00D602B2 /* TeleportUITests.swift in Sources */,
			);
			runOnlyForDeploymentPostprocessing = 0;
		};
		332970F4206E88BA00D602B2 /* Sources */ = {
			isa = PBXSourcesBuildPhase;
			buildActionMask = 2147483647;
			files = (
				332970FB206E88BB00D602B2 /* TeleportTests.swift in Sources */,
			);
			runOnlyForDeploymentPostprocessing = 0;
		};
		3372A949206A77EB00E3332B /* Sources */ = {
			isa = PBXSourcesBuildPhase;
			buildActionMask = 2147483647;
			files = (
				3372A953206A77EB00E3332B /* ViewController.swift in Sources */,
				33A0F00C206D328400C76DF9 /* StopsViewController.swift in Sources */,
				3372A965206B93FD00E3332B /* TransportType.swift in Sources */,
				3372A951206A77EB00E3332B /* AppDelegate.swift in Sources */,
				3372A963206B939500E3332B /* Stop.swift in Sources */,
				33A0F00A206D0F2200C76DF9 /* LinesTableViewController.swift in Sources */,
				3372A969206B946E00E3332B /* TransportNetwork.swift in Sources */,
				3372A967206B944500E3332B /* Line.swift in Sources */,
			);
			runOnlyForDeploymentPostprocessing = 0;
		};
/* End PBXSourcesBuildPhase section */

/* Begin PBXTargetDependency section */
		332970F0206E863C00D602B2 /* PBXTargetDependency */ = {
			isa = PBXTargetDependency;
			target = 3372A94C206A77EB00E3332B /* Teleport */;
			targetProxy = 332970EF206E863C00D602B2 /* PBXContainerItemProxy */;
		};
		332970FE206E88BB00D602B2 /* PBXTargetDependency */ = {
			isa = PBXTargetDependency;
			target = 3372A94C206A77EB00E3332B /* Teleport */;
			targetProxy = 332970FD206E88BB00D602B2 /* PBXContainerItemProxy */;
		};
/* End PBXTargetDependency section */

/* Begin PBXVariantGroup section */
		3372A954206A77EB00E3332B /* Main.storyboard */ = {
			isa = PBXVariantGroup;
			children = (
				3372A955206A77EB00E3332B /* Base */,
			);
			name = Main.storyboard;
			sourceTree = "<group>";
		};
		3372A959206A77EB00E3332B /* LaunchScreen.storyboard */ = {
			isa = PBXVariantGroup;
			children = (
				3372A95A206A77EB00E3332B /* Base */,
			);
			name = LaunchScreen.storyboard;
			sourceTree = "<group>";
		};
/* End PBXVariantGroup section */

/* Begin XCBuildConfiguration section */
		332970F1206E863C00D602B2 /* Debug */ = {
			isa = XCBuildConfiguration;
			buildSettings = {
				CLANG_ENABLE_OBJC_WEAK = YES;
				CLANG_WARN_DEPRECATED_OBJC_IMPLEMENTATIONS = YES;
				CLANG_WARN_OBJC_IMPLICIT_RETAIN_SELF = YES;
				CODE_SIGN_STYLE = Automatic;
				DEVELOPMENT_TEAM = A7SGM6JEMA;
				INFOPLIST_FILE = TeleportUITests/Info.plist;
				IPHONEOS_DEPLOYMENT_TARGET = 11.3;
				LD_RUNPATH_SEARCH_PATHS = "$(inherited) @executable_path/Frameworks @loader_path/Frameworks";
				PRODUCT_BUNDLE_IDENTIFIER = fr.tectec.TeleportUITests;
				PRODUCT_NAME = "$(TARGET_NAME)";
				SWIFT_VERSION = 4.0;
				TARGETED_DEVICE_FAMILY = "1,2";
				TEST_TARGET_NAME = Teleport;
			};
			name = Debug;
		};
		332970F2206E863C00D602B2 /* Release */ = {
			isa = XCBuildConfiguration;
			buildSettings = {
				CLANG_ENABLE_OBJC_WEAK = YES;
				CLANG_WARN_DEPRECATED_OBJC_IMPLEMENTATIONS = YES;
				CLANG_WARN_OBJC_IMPLICIT_RETAIN_SELF = YES;
				CODE_SIGN_STYLE = Automatic;
				DEVELOPMENT_TEAM = A7SGM6JEMA;
				INFOPLIST_FILE = TeleportUITests/Info.plist;
				IPHONEOS_DEPLOYMENT_TARGET = 11.3;
				LD_RUNPATH_SEARCH_PATHS = "$(inherited) @executable_path/Frameworks @loader_path/Frameworks";
				PRODUCT_BUNDLE_IDENTIFIER = fr.tectec.TeleportUITests;
				PRODUCT_NAME = "$(TARGET_NAME)";
				SWIFT_VERSION = 4.0;
				TARGETED_DEVICE_FAMILY = "1,2";
				TEST_TARGET_NAME = Teleport;
			};
			name = Release;
		};
		33297100206E88BB00D602B2 /* Debug */ = {
			isa = XCBuildConfiguration;
			buildSettings = {
				BUNDLE_LOADER = "$(TEST_HOST)";
				CLANG_ENABLE_OBJC_WEAK = YES;
				CLANG_WARN_DEPRECATED_OBJC_IMPLEMENTATIONS = YES;
				CLANG_WARN_OBJC_IMPLICIT_RETAIN_SELF = YES;
				CODE_SIGN_STYLE = Automatic;
				DEVELOPMENT_TEAM = A7SGM6JEMA;
				INFOPLIST_FILE = TeleportTests/Info.plist;
				IPHONEOS_DEPLOYMENT_TARGET = 11.3;
				LD_RUNPATH_SEARCH_PATHS = "$(inherited) @executable_path/Frameworks @loader_path/Frameworks";
				PRODUCT_BUNDLE_IDENTIFIER = fr.tectec.TeleportTests;
				PRODUCT_NAME = "$(TARGET_NAME)";
				SWIFT_VERSION = 4.0;
				TARGETED_DEVICE_FAMILY = "1,2";
				TEST_HOST = "$(BUILT_PRODUCTS_DIR)/Teleport.app/Teleport";
			};
			name = Debug;
		};
		33297101206E88BB00D602B2 /* Release */ = {
			isa = XCBuildConfiguration;
			buildSettings = {
				BUNDLE_LOADER = "$(TEST_HOST)";
				CLANG_ENABLE_OBJC_WEAK = YES;
				CLANG_WARN_DEPRECATED_OBJC_IMPLEMENTATIONS = YES;
				CLANG_WARN_OBJC_IMPLICIT_RETAIN_SELF = YES;
				CODE_SIGN_STYLE = Automatic;
				DEVELOPMENT_TEAM = A7SGM6JEMA;
				INFOPLIST_FILE = TeleportTests/Info.plist;
				IPHONEOS_DEPLOYMENT_TARGET = 11.3;
				LD_RUNPATH_SEARCH_PATHS = "$(inherited) @executable_path/Frameworks @loader_path/Frameworks";
				PRODUCT_BUNDLE_IDENTIFIER = fr.tectec.TeleportTests;
				PRODUCT_NAME = "$(TARGET_NAME)";
				SWIFT_VERSION = 4.0;
				TARGETED_DEVICE_FAMILY = "1,2";
				TEST_HOST = "$(BUILT_PRODUCTS_DIR)/Teleport.app/Teleport";
			};
			name = Release;
		};
		3372A95D206A77EB00E3332B /* Debug */ = {
			isa = XCBuildConfiguration;
			buildSettings = {
				ALWAYS_SEARCH_USER_PATHS = NO;
				CLANG_ANALYZER_NONNULL = YES;
				CLANG_ANALYZER_NUMBER_OBJECT_CONVERSION = YES_AGGRESSIVE;
				CLANG_CXX_LANGUAGE_STANDARD = "gnu++14";
				CLANG_CXX_LIBRARY = "libc++";
				CLANG_ENABLE_MODULES = YES;
				CLANG_ENABLE_OBJC_ARC = YES;
				CLANG_WARN_BLOCK_CAPTURE_AUTORELEASING = YES;
				CLANG_WARN_BOOL_CONVERSION = YES;
				CLANG_WARN_COMMA = YES;
				CLANG_WARN_CONSTANT_CONVERSION = YES;
				CLANG_WARN_DIRECT_OBJC_ISA_USAGE = YES_ERROR;
				CLANG_WARN_DOCUMENTATION_COMMENTS = YES;
				CLANG_WARN_EMPTY_BODY = YES;
				CLANG_WARN_ENUM_CONVERSION = YES;
				CLANG_WARN_INFINITE_RECURSION = YES;
				CLANG_WARN_INT_CONVERSION = YES;
				CLANG_WARN_NON_LITERAL_NULL_CONVERSION = YES;
				CLANG_WARN_OBJC_LITERAL_CONVERSION = YES;
				CLANG_WARN_OBJC_ROOT_CLASS = YES_ERROR;
				CLANG_WARN_RANGE_LOOP_ANALYSIS = YES;
				CLANG_WARN_STRICT_PROTOTYPES = YES;
				CLANG_WARN_SUSPICIOUS_MOVE = YES;
				CLANG_WARN_UNGUARDED_AVAILABILITY = YES_AGGRESSIVE;
				CLANG_WARN_UNREACHABLE_CODE = YES;
				CLANG_WARN__DUPLICATE_METHOD_MATCH = YES;
				CODE_SIGN_IDENTITY = "iPhone Developer";
				COPY_PHASE_STRIP = NO;
				DEBUG_INFORMATION_FORMAT = dwarf;
				ENABLE_STRICT_OBJC_MSGSEND = YES;
				ENABLE_TESTABILITY = YES;
				GCC_C_LANGUAGE_STANDARD = gnu11;
				GCC_DYNAMIC_NO_PIC = NO;
				GCC_NO_COMMON_BLOCKS = YES;
				GCC_OPTIMIZATION_LEVEL = 0;
				GCC_PREPROCESSOR_DEFINITIONS = (
					"DEBUG=1",
					"$(inherited)",
				);
				GCC_WARN_64_TO_32_BIT_CONVERSION = YES;
				GCC_WARN_ABOUT_RETURN_TYPE = YES_ERROR;
				GCC_WARN_UNDECLARED_SELECTOR = YES;
				GCC_WARN_UNINITIALIZED_AUTOS = YES_AGGRESSIVE;
				GCC_WARN_UNUSED_FUNCTION = YES;
				GCC_WARN_UNUSED_VARIABLE = YES;
				IPHONEOS_DEPLOYMENT_TARGET = 11.2;
				MTL_ENABLE_DEBUG_INFO = YES;
				ONLY_ACTIVE_ARCH = YES;
				SDKROOT = iphoneos;
				SWIFT_ACTIVE_COMPILATION_CONDITIONS = DEBUG;
				SWIFT_OPTIMIZATION_LEVEL = "-Onone";
			};
			name = Debug;
		};
		3372A95E206A77EB00E3332B /* Release */ = {
			isa = XCBuildConfiguration;
			buildSettings = {
				ALWAYS_SEARCH_USER_PATHS = NO;
				CLANG_ANALYZER_NONNULL = YES;
				CLANG_ANALYZER_NUMBER_OBJECT_CONVERSION = YES_AGGRESSIVE;
				CLANG_CXX_LANGUAGE_STANDARD = "gnu++14";
				CLANG_CXX_LIBRARY = "libc++";
				CLANG_ENABLE_MODULES = YES;
				CLANG_ENABLE_OBJC_ARC = YES;
				CLANG_WARN_BLOCK_CAPTURE_AUTORELEASING = YES;
				CLANG_WARN_BOOL_CONVERSION = YES;
				CLANG_WARN_COMMA = YES;
				CLANG_WARN_CONSTANT_CONVERSION = YES;
				CLANG_WARN_DIRECT_OBJC_ISA_USAGE = YES_ERROR;
				CLANG_WARN_DOCUMENTATION_COMMENTS = YES;
				CLANG_WARN_EMPTY_BODY = YES;
				CLANG_WARN_ENUM_CONVERSION = YES;
				CLANG_WARN_INFINITE_RECURSION = YES;
				CLANG_WARN_INT_CONVERSION = YES;
				CLANG_WARN_NON_LITERAL_NULL_CONVERSION = YES;
				CLANG_WARN_OBJC_LITERAL_CONVERSION = YES;
				CLANG_WARN_OBJC_ROOT_CLASS = YES_ERROR;
				CLANG_WARN_RANGE_LOOP_ANALYSIS = YES;
				CLANG_WARN_STRICT_PROTOTYPES = YES;
				CLANG_WARN_SUSPICIOUS_MOVE = YES;
				CLANG_WARN_UNGUARDED_AVAILABILITY = YES_AGGRESSIVE;
				CLANG_WARN_UNREACHABLE_CODE = YES;
				CLANG_WARN__DUPLICATE_METHOD_MATCH = YES;
				CODE_SIGN_IDENTITY = "iPhone Developer";
				COPY_PHASE_STRIP = NO;
				DEBUG_INFORMATION_FORMAT = "dwarf-with-dsym";
				ENABLE_NS_ASSERTIONS = NO;
				ENABLE_STRICT_OBJC_MSGSEND = YES;
				GCC_C_LANGUAGE_STANDARD = gnu11;
				GCC_NO_COMMON_BLOCKS = YES;
				GCC_WARN_64_TO_32_BIT_CONVERSION = YES;
				GCC_WARN_ABOUT_RETURN_TYPE = YES_ERROR;
				GCC_WARN_UNDECLARED_SELECTOR = YES;
				GCC_WARN_UNINITIALIZED_AUTOS = YES_AGGRESSIVE;
				GCC_WARN_UNUSED_FUNCTION = YES;
				GCC_WARN_UNUSED_VARIABLE = YES;
				IPHONEOS_DEPLOYMENT_TARGET = 11.2;
				MTL_ENABLE_DEBUG_INFO = NO;
				SDKROOT = iphoneos;
				SWIFT_OPTIMIZATION_LEVEL = "-Owholemodule";
				VALIDATE_PRODUCT = YES;
			};
			name = Release;
		};
		3372A960206A77EB00E3332B /* Debug */ = {
			isa = XCBuildConfiguration;
			buildSettings = {
				ASSETCATALOG_COMPILER_APPICON_NAME = AppIcon;
				CODE_SIGN_STYLE = Automatic;
				DEVELOPMENT_TEAM = A7SGM6JEMA;
				INFOPLIST_FILE = Teleport/Info.plist;
				IPHONEOS_DEPLOYMENT_TARGET = 10.0;
				LD_RUNPATH_SEARCH_PATHS = "$(inherited) @executable_path/Frameworks";
				PRODUCT_BUNDLE_IDENTIFIER = fr.tectec.Teleport;
				PRODUCT_NAME = "$(TARGET_NAME)";
				SWIFT_VERSION = 4.0;
				TARGETED_DEVICE_FAMILY = "1,2";
			};
			name = Debug;
		};
		3372A961206A77EB00E3332B /* Release */ = {
			isa = XCBuildConfiguration;
			buildSettings = {
				ASSETCATALOG_COMPILER_APPICON_NAME = AppIcon;
				CODE_SIGN_STYLE = Automatic;
				DEVELOPMENT_TEAM = A7SGM6JEMA;
				INFOPLIST_FILE = Teleport/Info.plist;
				IPHONEOS_DEPLOYMENT_TARGET = 10.0;
				LD_RUNPATH_SEARCH_PATHS = "$(inherited) @executable_path/Frameworks";
				PRODUCT_BUNDLE_IDENTIFIER = fr.tectec.Teleport;
				PRODUCT_NAME = "$(TARGET_NAME)";
				SWIFT_VERSION = 4.0;
				TARGETED_DEVICE_FAMILY = "1,2";
			};
			name = Release;
		};
/* End XCBuildConfiguration section */

/* Begin XCConfigurationList section */
		332970F3206E863C00D602B2 /* Build configuration list for PBXNativeTarget "TeleportUITests" */ = {
			isa = XCConfigurationList;
			buildConfigurations = (
				332970F1206E863C00D602B2 /* Debug */,
				332970F2206E863C00D602B2 /* Release */,
			);
			defaultConfigurationIsVisible = 0;
			defaultConfigurationName = Release;
		};
		332970FF206E88BB00D602B2 /* Build configuration list for PBXNativeTarget "TeleportTests" */ = {
			isa = XCConfigurationList;
			buildConfigurations = (
				33297100206E88BB00D602B2 /* Debug */,
				33297101206E88BB00D602B2 /* Release */,
			);
			defaultConfigurationIsVisible = 0;
			defaultConfigurationName = Release;
		};
		3372A948206A77EB00E3332B /* Build configuration list for PBXProject "Teleport" */ = {
			isa = XCConfigurationList;
			buildConfigurations = (
				3372A95D206A77EB00E3332B /* Debug */,
				3372A95E206A77EB00E3332B /* Release */,
			);
			defaultConfigurationIsVisible = 0;
			defaultConfigurationName = Release;
		};
		3372A95F206A77EB00E3332B /* Build configuration list for PBXNativeTarget "Teleport" */ = {
			isa = XCConfigurationList;
			buildConfigurations = (
				3372A960206A77EB00E3332B /* Debug */,
				3372A961206A77EB00E3332B /* Release */,
			);
			defaultConfigurationIsVisible = 0;
			defaultConfigurationName = Release;
		};
/* End XCConfigurationList section */
	};
	rootObject = 3372A945206A77EB00E3332B /* Project object */;
}
